
Microsoft Visual Studio Solution File, Format Version 12.00
# Visual Studio 15
Project("{FAE04EC0-301F-11D3-BF4B-00C04F79EFBC}") = "Assembly-CSharp", "Assembly-CSharp.csproj", "{BAC7D964-AF80-238D-384B-F2D7C8B9A32E}"
EndProject
Project("{FAE04EC0-301F-11D3-BF4B-00C04F79EFBC}") = "Tripo3D.UnityBridge.Editor", "Tripo3D.UnityBridge.Editor.csproj", "{0D66D776-9CC8-64DF-53AD-EA4AE032E09E}"
EndProject
Project("{FAE04EC0-301F-11D3-BF4B-00C04F79EFBC}") = "Assembly-CSharp-Editor", "Assembly-CSharp-Editor.csproj", "{6EC88DB4-8D2F-03C2-230E-7CCAA27D69FE}"
EndProject
Global
	GlobalSection(SolutionConfigurationPlatforms) = preSolution
		Debug|Any CPU = Debug|Any CPU
		Release|Any CPU = Release|Any CPU
	EndGlobalSection
	GlobalSection(ProjectConfigurationPlatforms) = postSolution
		{BAC7D964-AF80-238D-384B-F2D7C8B9A32E}.Debug|Any CPU.ActiveCfg = Debug|Any CPU
		{BAC7D964-AF80-238D-384B-F2D7C8B9A32E}.Debug|Any CPU.Build.0 = Debug|Any CPU
		{BAC7D964-AF80-238D-384B-F2D7C8B9A32E}.Release|Any CPU.ActiveCfg = Release|Any CPU
		{BAC7D964-AF80-238D-384B-F2D7C8B9A32E}.Release|Any CPU.Build.0 = Release|Any CPU
		{0D66D776-9CC8-64DF-53AD-EA4AE032E09E}.Debug|Any CPU.ActiveCfg = Debug|Any CPU
		{0D66D776-9CC8-64DF-53AD-EA4AE032E09E}.Debug|Any CPU.Build.0 = Debug|Any CPU
		{0D66D776-9CC8-64DF-53AD-EA4AE032E09E}.Release|Any CPU.ActiveCfg = Release|Any CPU
		{0D66D776-9CC8-64DF-53AD-EA4AE032E09E}.Release|Any CPU.Build.0 = Release|Any CPU
		{6EC88DB4-8D2F-03C2-230E-7CCAA27D69FE}.Debug|Any CPU.ActiveCfg = Debug|Any CPU
		{6EC88DB4-8D2F-03C2-230E-7CCAA27D69FE}.Debug|Any CPU.Build.0 = Debug|Any CPU
		{6EC88DB4-8D2F-03C2-230E-7CCAA27D69FE}.Release|Any CPU.ActiveCfg = Release|Any CPU
		{6EC88DB4-8D2F-03C2-230E-7CCAA27D69FE}.Release|Any CPU.Build.0 = Release|Any CPU
	EndGlobalSection
	GlobalSection(SolutionProperties) = preSolution
		HideSolutionNode = FALSE
	EndGlobalSection
EndGlobal
